
Microsoft Visual Studio Solution File, Format Version 12.00
# Visual Studio Version 16
VisualStudioVersion = 16.0.31105.61
MinimumVisualStudioVersion = 10.0.40219.1
Project("{FAE04EC0-301F-11D3-BF4B-00C04F79EFBC}") = "ExponentiationBySquaring", "ExponentiationBySquaring\ExponentiationBySquaring.csproj", "{28F0C752-8DE3-4B60-80DE-F88341149BAB}"
EndProject
Global
	GlobalSection(SolutionConfigurationPlatforms) = preSolution
		Debug|Any CPU = Debug|Any CPU
		Release|Any CPU = Release|Any CPU
	EndGlobalSection
	GlobalSection(ProjectConfigurationPlatforms) = postSolution
		{28F0C752-8DE3-4B60-80DE-F88341149BAB}.Debug|Any CPU.ActiveCfg = Debug|Any CPU
		{28F0C752-8DE3-4B60-80DE-F88341149BAB}.Debug|Any CPU.Build.0 = Debug|Any CPU
		{28F0C752-8DE3-4B60-80DE-F88341149BAB}.Release|Any CPU.ActiveCfg = Release|Any CPU
		{28F0C752-8DE3-4B60-80DE-F88341149BAB}.Release|Any CPU.Build.0 = Release|Any CPU
	EndGlobalSection
	GlobalSection(SolutionProperties) = preSolution
		HideSolutionNode = FALSE
	EndGlobalSection
	GlobalSection(ExtensibilityGlobals) = postSolution
		SolutionGuid = {2908FAD2-C00C-44DB-B307-9ED60371B501}
	EndGlobalSection
EndGlobal
